
Microsoft Visual Studio Solution File, Format Version 12.00
# Visual Studio Version 17
VisualStudioVersion = 17.0.31912.275
MinimumVisualStudioVersion = 10.0.40219.1
Project("{FAE04EC0-301F-11D3-BF4B-00C04F79EFBC}") = "DiscordBot", "DiscordBot\DiscordBot.csproj", "{401C3049-E825-4F87-9107-4D41AEF9B073}"
EndProject
Global
	GlobalSection(SolutionConfigurationPlatforms) = preSolution
		Debug|Any CPU = Debug|Any CPU
		Release|Any CPU = Release|Any CPU
	EndGlobalSection
	GlobalSection(ProjectConfigurationPlatforms) = postSolution
		{401C3049-E825-4F87-9107-4D41AEF9B073}.Debug|Any CPU.ActiveCfg = Debug|Any CPU
		{401C3049-E825-4F87-9107-4D41AEF9B073}.Debug|Any CPU.Build.0 = Debug|Any CPU
		{401C3049-E825-4F87-9107-4D41AEF9B073}.Release|Any CPU.ActiveCfg = Release|Any CPU
		{401C3049-E825-4F87-9107-4D41AEF9B073}.Release|Any CPU.Build.0 = Release|Any CPU
	EndGlobalSection
	GlobalSection(SolutionProperties) = preSolution
		HideSolutionNode = FALSE
	EndGlobalSection
	GlobalSection(ExtensibilityGlobals) = postSolution
		SolutionGuid = {78EE4BE3-D09C-429C-BC60-B59EF65B0955}
	EndGlobalSection
EndGlobal
